
Microsoft Visual Studio Solution File, Format Version 12.00
# Visual Studio Version 17
VisualStudioVersion = 17.2.32526.322
MinimumVisualStudioVersion = 10.0.40219.1
Project("{9A19103F-16F7-4668-BE54-9A1E7A4F7556}") = "MyEcommerce.ProductAPI", "MyEcommerce.ProductAPI\MyEcommerce.ProductAPI.csproj", "{EAAA96CC-A190-45C4-BD09-269FB62CAC45}"
EndProject
Project("{2150E333-8FDC-42A3-9474-1A3956D46DE8}") = "Solution Items", "Solution Items", "{9190D822-2109-4764-9778-5EF4723EDE96}"
	ProjectSection(SolutionItems) = preProject
		.editorconfig = .editorconfig
	EndProjectSection
EndProject
Project("{2150E333-8FDC-42A3-9474-1A3956D46DE8}") = "2.Application", "2.Application", "{F4661D40-B2BA-4D2F-AE63-6386F1A3EE9F}"
EndProject
Project("{2150E333-8FDC-42A3-9474-1A3956D46DE8}") = "1.Presentation", "1.Presentation", "{F60EE5F9-AACA-4FC1-91E1-3E67837B9B06}"
EndProject
Project("{2150E333-8FDC-42A3-9474-1A3956D46DE8}") = "3.Infra", "3.Infra", "{E089EB28-6AAC-4C6B-8D09-DAB3020A689B}"
EndProject
Project("{2150E333-8FDC-42A3-9474-1A3956D46DE8}") = "4.Test", "4.Test", "{29B11A2B-A226-4E5E-963E-CBF9667D2260}"
EndProject
Project("{FAE04EC0-301F-11D3-BF4B-00C04F79EFBC}") = "MyEcommerce.ProductAPI.Application", "MyEcommerce.ProductAPI.Application\MyEcommerce.ProductAPI.Application.csproj", "{91A067B0-4FF8-49C3-B6E1-FF89EEF0C0A8}"
EndProject
Project("{FAE04EC0-301F-11D3-BF4B-00C04F79EFBC}") = "MyEcommerce.ProductAPI.Infra", "MyEcommerce.ProductAPI.Infra\MyEcommerce.ProductAPI.Infra.csproj", "{00BCF686-F400-4E66-8598-DF8DB1E748AD}"
EndProject
Project("{FAE04EC0-301F-11D3-BF4B-00C04F79EFBC}") = "MyEcommerce.ProductAPI.Test", "MyEcommerce.ProductAPI.Test\MyEcommerce.ProductAPI.Test.csproj", "{0B1D73E7-6D1C-4464-B84D-6D950E7B11E1}"
EndProject
Global
	GlobalSection(SolutionConfigurationPlatforms) = preSolution
		Debug|Any CPU = Debug|Any CPU
		Release|Any CPU = Release|Any CPU
	EndGlobalSection
	GlobalSection(ProjectConfigurationPlatforms) = postSolution
		{EAAA96CC-A190-45C4-BD09-269FB62CAC45}.Debug|Any CPU.ActiveCfg = Debug|Any CPU
		{EAAA96CC-A190-45C4-BD09-269FB62CAC45}.Debug|Any CPU.Build.0 = Debug|Any CPU
		{EAAA96CC-A190-45C4-BD09-269FB62CAC45}.Release|Any CPU.ActiveCfg = Release|Any CPU
		{EAAA96CC-A190-45C4-BD09-269FB62CAC45}.Release|Any CPU.Build.0 = Release|Any CPU
		{91A067B0-4FF8-49C3-B6E1-FF89EEF0C0A8}.Debug|Any CPU.ActiveCfg = Debug|Any CPU
		{91A067B0-4FF8-49C3-B6E1-FF89EEF0C0A8}.Debug|Any CPU.Build.0 = Debug|Any CPU
		{91A067B0-4FF8-49C3-B6E1-FF89EEF0C0A8}.Release|Any CPU.ActiveCfg = Release|Any CPU
		{91A067B0-4FF8-49C3-B6E1-FF89EEF0C0A8}.Release|Any CPU.Build.0 = Release|Any CPU
		{00BCF686-F400-4E66-8598-DF8DB1E748AD}.Debug|Any CPU.ActiveCfg = Debug|Any CPU
		{00BCF686-F400-4E66-8598-DF8DB1E748AD}.Debug|Any CPU.Build.0 = Debug|Any CPU
		{00BCF686-F400-4E66-8598-DF8DB1E748AD}.Release|Any CPU.ActiveCfg = Release|Any CPU
		{00BCF686-F400-4E66-8598-DF8DB1E748AD}.Release|Any CPU.Build.0 = Release|Any CPU
		{0B1D73E7-6D1C-4464-B84D-6D950E7B11E1}.Debug|Any CPU.ActiveCfg = Debug|Any CPU
		{0B1D73E7-6D1C-4464-B84D-6D950E7B11E1}.Debug|Any CPU.Build.0 = Debug|Any CPU
		{0B1D73E7-6D1C-4464-B84D-6D950E7B11E1}.Release|Any CPU.ActiveCfg = Release|Any CPU
		{0B1D73E7-6D1C-4464-B84D-6D950E7B11E1}.Release|Any CPU.Build.0 = Release|Any CPU
	EndGlobalSection
	GlobalSection(SolutionProperties) = preSolution
		HideSolutionNode = FALSE
	EndGlobalSection
	GlobalSection(NestedProjects) = preSolution
		{EAAA96CC-A190-45C4-BD09-269FB62CAC45} = {F60EE5F9-AACA-4FC1-91E1-3E67837B9B06}
		{91A067B0-4FF8-49C3-B6E1-FF89EEF0C0A8} = {F4661D40-B2BA-4D2F-AE63-6386F1A3EE9F}
		{00BCF686-F400-4E66-8598-DF8DB1E748AD} = {E089EB28-6AAC-4C6B-8D09-DAB3020A689B}
		{0B1D73E7-6D1C-4464-B84D-6D950E7B11E1} = {29B11A2B-A226-4E5E-963E-CBF9667D2260}
	EndGlobalSection
	GlobalSection(ExtensibilityGlobals) = postSolution
		SolutionGuid = {4777175B-5984-4723-BB9C-C00644FA7CAE}
	EndGlobalSection
EndGlobal
